
Microsoft Visual Studio Solution File, Format Version 12.00
# Visual Studio Version 17
VisualStudioVersion = 17.9.34714.143
MinimumVisualStudioVersion = 10.0.40219.1
Project("{FAE04EC0-301F-11D3-BF4B-00C04F79EFBC}") = "snail", "snail.csproj", "{87A215A1-6A0E-404E-8FBB-24F577EE98EC}"
EndProject
Global
	GlobalSection(SolutionConfigurationPlatforms) = preSolution
		Debug|Any CPU = Debug|Any CPU
		Release|Any CPU = Release|Any CPU
	EndGlobalSection
	GlobalSection(ProjectConfigurationPlatforms) = postSolution
		{87A215A1-6A0E-404E-8FBB-24F577EE98EC}.Debug|Any CPU.ActiveCfg = Debug|Any CPU
		{87A215A1-6A0E-404E-8FBB-24F577EE98EC}.Debug|Any CPU.Build.0 = Debug|Any CPU
		{87A215A1-6A0E-404E-8FBB-24F577EE98EC}.Release|Any CPU.ActiveCfg = Release|Any CPU
		{87A215A1-6A0E-404E-8FBB-24F577EE98EC}.Release|Any CPU.Build.0 = Release|Any CPU
	EndGlobalSection
	GlobalSection(SolutionProperties) = preSolution
		HideSolutionNode = FALSE
	EndGlobalSection
	GlobalSection(ExtensibilityGlobals) = postSolution
		SolutionGuid = {8DCDADD6-311E-4AD8-A1F8-7E74418522BA}
	EndGlobalSection
EndGlobal
